// !$*UTF8*$!
{
	archiveVersion = 1;
	classes = {
	};
	objectVersion = 56;
	objects = {

/* Begin PBXBuildFile section */
		DF04273F28C27F7000CC9F96 /* LaunchDarkly in Frameworks */ = {isa = PBXBuildFile; productRef = DF04273E28C27F7000CC9F96 /* LaunchDarkly */; };
		DF04274128C27FA800CC9F96 /* AppDelegate.swift in Sources */ = {isa = PBXBuildFile; fileRef = DF04274028C27FA800CC9F96 /* AppDelegate.swift */; };
		DF04274328C2801100CC9F96 /* LDService.swift in Sources */ = {isa = PBXBuildFile; fileRef = DF04274228C2801100CC9F96 /* LDService.swift */; };
		DF4FAD6228C2A33400FF826E /* UserDefaultsService.swift in Sources */ = {isa = PBXBuildFile; fileRef = DF4FAD6128C2A33400FF826E /* UserDefaultsService.swift */; };
		DFC1672628C27E5000757E8F /* launchdarklyPracticeApp.swift in Sources */ = {isa = PBXBuildFile; fileRef = DFC1672528C27E5000757E8F /* launchdarklyPracticeApp.swift */; };
		DFC1672828C27E5000757E8F /* ContentView.swift in Sources */ = {isa = PBXBuildFile; fileRef = DFC1672728C27E5000757E8F /* ContentView.swift */; };
		DFC1672A28C27E5100757E8F /* Assets.xcassets in Resources */ = {isa = PBXBuildFile; fileRef = DFC1672928C27E5100757E8F /* Assets.xcassets */; };
		DFC1672D28C27E5100757E8F /* Preview Assets.xcassets in Resources */ = {isa = PBXBuildFile; fileRef = DFC1672C28C27E5100757E8F /* Preview Assets.xcassets */; };
/* End PBXBuildFile section */

/* Begin PBXFileReference section */
		DF04274028C27FA800CC9F96 /* AppDelegate.swift */ = {isa = PBXFileReference; lastKnownFileType = sourcecode.swift; path = AppDelegate.swift; sourceTree = "<group>"; };
		DF04274228C2801100CC9F96 /* LDService.swift */ = {isa = PBXFileReference; lastKnownFileType = sourcecode.swift; path = LDService.swift; sourceTree = "<group>"; };
		DF4FAD6128C2A33400FF826E /* UserDefaultsService.swift */ = {isa = PBXFileReference; lastKnownFileType = sourcecode.swift; path = UserDefaultsService.swift; sourceTree = "<group>"; };
		DFC1672228C27E5000757E8F /* launchdarklyPractice.app */ = {isa = PBXFileReference; explicitFileType = wrapper.application; includeInIndex = 0; path = launchdarklyPractice.app; sourceTree = BUILT_PRODUCTS_DIR; };
		DFC1672528C27E5000757E8F /* launchdarklyPracticeApp.swift */ = {isa = PBXFileReference; lastKnownFileType = sourcecode.swift; path = launchdarklyPracticeApp.swift; sourceTree = "<group>"; };
		DFC1672728C27E5000757E8F /* ContentView.swift */ = {isa = PBXFileReference; lastKnownFileType = sourcecode.swift; path = ContentView.swift; sourceTree = "<group>"; };
		DFC1672928C27E5100757E8F /* Assets.xcassets */ = {isa = PBXFileReference; lastKnownFileType = folder.assetcatalog; path = Assets.xcassets; sourceTree = "<group>"; };
		DFC1672C28C27E5100757E8F /* Preview Assets.xcassets */ = {isa = PBXFileReference; lastKnownFileType = folder.assetcatalog; path = "Preview Assets.xcassets"; sourceTree = "<group>"; };
/* End PBXFileReference section */

/* Begin PBXFrameworksBuildPhase section */
		DFC1671F28C27E5000757E8F /* Frameworks */ = {
			isa = PBXFrameworksBuildPhase;
			buildActionMask = 2147483647;
			files = (
				DF04273F28C27F7000CC9F96 /* LaunchDarkly in Frameworks */,
			);
			runOnlyForDeploymentPostprocessing = 0;
		};
/* End PBXFrameworksBuildPhase section */

/* Begin PBXGroup section */
		DFC1671928C27E5000757E8F = {
			isa = PBXGroup;
			children = (
				DFC1672428C27E5000757E8F /* launchdarklyPractice */,
				DFC1672328C27E5000757E8F /* Products */,
			);
			sourceTree = "<group>";
		};
		DFC1672328C27E5000757E8F /* Products */ = {
			isa = PBXGroup;
			children = (
				DFC1672228C27E5000757E8F /* launchdarklyPractice.app */,
			);
			name = Products;
			sourceTree = "<group>";
		};
		DFC1672428C27E5000757E8F /* launchdarklyPractice */ = {
			isa = PBXGroup;
			children = (
				DFC1672528C27E5000757E8F /* launchdarklyPracticeApp.swift */,
				DFC1672728C27E5000757E8F /* ContentView.swift */,
				DF4FAD6128C2A33400FF826E /* UserDefaultsService.swift */,
				DFC1672928C27E5100757E8F /* Assets.xcassets */,
				DFC1672B28C27E5100757E8F /* Preview Content */,
				DF04274028C27FA800CC9F96 /* AppDelegate.swift */,
				DF04274228C2801100CC9F96 /* LDService.swift */,
			);
			path = launchdarklyPractice;
			sourceTree = "<group>";
		};
		DFC1672B28C27E5100757E8F /* Preview Content */ = {
			isa = PBXGroup;
			children = (
				DFC1672C28C27E5100757E8F /* Preview Assets.xcassets */,
			);
			path = "Preview Content";
			sourceTree = "<group>";
		};
/* End PBXGroup section */

/* Begin PBXNativeTarget section */
		DFC1672128C27E5000757E8F /* launchdarklyPractice */ = {
			isa = PBXNativeTarget;
			buildConfigurationList = DFC1673028C27E5100757E8F /* Build configuration list for PBXNativeTarget "launchdarklyPractice" */;
			buildPhases = (
				DFC1671E28C27E5000757E8F /* Sources */,
				DFC1671F28C27E5000757E8F /* Frameworks */,
				DFC1672028C27E5000757E8F /* Resources */,
			);
			buildRules = (
			);
			dependencies = (
			);
			name = launchdarklyPractice;
			packageProductDependencies = (
				DF04273E28C27F7000CC9F96 /* LaunchDarkly */,
			);
			productName = launchdarklyPractice;
			productReference = DFC1672228C27E5000757E8F /* launchdarklyPractice.app */;
			productType = "com.apple.product-type.application";
		};
/* End PBXNativeTarget section */

/* Begin PBXProject section */
		DFC1671A28C27E5000757E8F /* Project object */ = {
			isa = PBXProject;
			attributes = {
				BuildIndependentTargetsInParallel = 1;
				LastSwiftUpdateCheck = 1400;
				LastUpgradeCheck = 1400;
				TargetAttributes = {
					DFC1672128C27E5000757E8F = {
						CreatedOnToolsVersion = 14.0;
					};
				};
			};
			buildConfigurationList = DFC1671D28C27E5000757E8F /* Build configuration list for PBXProject "launchdarklyPractice" */;
			compatibilityVersion = "Xcode 14.0";
			developmentRegion = en;
			hasScannedForEncodings = 0;
			knownRegions = (
				en,
				Base,
			);
			mainGroup = DFC1671928C27E5000757E8F;
			packageReferences = (
				DF04273D28C27F7000CC9F96 /* XCRemoteSwiftPackageReference "ios-client-sdk" */,
			);
			productRefGroup = DFC1672328C27E5000757E8F /* Products */;
			projectDirPath = "";
			projectRoot = "";
			targets = (
				DFC1672128C27E5000757E8F /* launchdarklyPractice */,
			);
		};
/* End PBXProject section */

/* Begin PBXResourcesBuildPhase section */
		DFC1672028C27E5000757E8F /* Resources */ = {
			isa = PBXResourcesBuildPhase;
			buildActionMask = 2147483647;
			files = (
				DFC1672D28C27E5100757E8F /* Preview Assets.xcassets in Resources */,
				DFC1672A28C27E5100757E8F /* Assets.xcassets in Resources */,
			);
			runOnlyForDeploymentPostprocessing = 0;
		};
/* End PBXResourcesBuildPhase section */

/* Begin PBXSourcesBuildPhase section */
		DFC1671E28C27E5000757E8F /* Sources */ = {
			isa = PBXSourcesBuildPhase;
			buildActionMask = 2147483647;
			files = (
				DF04274128C27FA800CC9F96 /* AppDelegate.swift in Sources */,
				DFC1672828C27E5000757E8F /* ContentView.swift in Sources */,
				DF4FAD6228C2A33400FF826E /* UserDefaultsService.swift in Sources */,
				DFC1672628C27E5000757E8F /* launchdarklyPracticeApp.swift in Sources */,
				DF04274328C2801100CC9F96 /* LDService.swift in Sources */,
			);
			runOnlyForDeploymentPostprocessing = 0;
		};
/* End PBXSourcesBuildPhase section */

/* Begin XCBuildConfiguration section */
		DFC1672E28C27E5100757E8F /* Debug */ = {
			isa = XCBuildConfiguration;
			buildSettings = {
				ALWAYS_SEARCH_USER_PATHS = NO;
				CLANG_ANALYZER_NONNULL = YES;
				CLANG_ANALYZER_NUMBER_OBJECT_CONVERSION = YES_AGGRESSIVE;
				CLANG_CXX_LANGUAGE_STANDARD = "gnu++20";
				CLANG_ENABLE_MODULES = YES;
				CLANG_ENABLE_OBJC_ARC = YES;
				CLANG_ENABLE_OBJC_WEAK = YES;
				CLANG_WARN_BLOCK_CAPTURE_AUTORELEASING = YES;
				CLANG_WARN_BOOL_CONVERSION = YES;
				CLANG_WARN_COMMA = YES;
				CLANG_WARN_CONSTANT_CONVERSION = YES;
				CLANG_WARN_DEPRECATED_OBJC_IMPLEMENTATIONS = YES;
				CLANG_WARN_DIRECT_OBJC_ISA_USAGE = YES_ERROR;
				CLANG_WARN_DOCUMENTATION_COMMENTS = YES;
				CLANG_WARN_EMPTY_BODY = YES;
				CLANG_WARN_ENUM_CONVERSION = YES;
				CLANG_WARN_INFINITE_RECURSION = YES;
				CLANG_WARN_INT_CONVERSION = YES;
				CLANG_WARN_NON_LITERAL_NULL_CONVERSION = YES;
				CLANG_WARN_OBJC_IMPLICIT_RETAIN_SELF = YES;
				CLANG_WARN_OBJC_LITERAL_CONVERSION = YES;
				CLANG_WARN_OBJC_ROOT_CLASS = YES_ERROR;
				CLANG_WARN_QUOTED_INCLUDE_IN_FRAMEWORK_HEADER = YES;
				CLANG_WARN_RANGE_LOOP_ANALYSIS = YES;
				CLANG_WARN_STRICT_PROTOTYPES = YES;
				CLANG_WARN_SUSPICIOUS_MOVE = YES;
				CLANG_WARN_UNGUARDED_AVAILABILITY = YES_AGGRESSIVE;
				CLANG_WARN_UNREACHABLE_CODE = YES;
				CLANG_WARN__DUPLICATE_METHOD_MATCH = YES;
				COPY_PHASE_STRIP = NO;
				DEBUG_INFORMATION_FORMAT = dwarf;
				ENABLE_STRICT_OBJC_MSGSEND = YES;
				ENABLE_TESTABILITY = YES;
				GCC_C_LANGUAGE_STANDARD = gnu11;
				GCC_DYNAMIC_NO_PIC = NO;
				GCC_NO_COMMON_BLOCKS = YES;
				GCC_OPTIMIZATION_LEVEL = 0;
				GCC_PREPROCESSOR_DEFINITIONS = (
					"DEBUG=1",
					"$(inherited)",
				);
				GCC_WARN_64_TO_32_BIT_CONVERSION = YES;
				GCC_WARN_ABOUT_RETURN_TYPE = YES_ERROR;
				GCC_WARN_UNDECLARED_SELECTOR = YES;
				GCC_WARN_UNINITIALIZED_AUTOS = YES_AGGRESSIVE;
				GCC_WARN_UNUSED_FUNCTION = YES;
				GCC_WARN_UNUSED_VARIABLE = YES;
				IPHONEOS_DEPLOYMENT_TARGET = 16.0;
				MTL_ENABLE_DEBUG_INFO = INCLUDE_SOURCE;
				MTL_FAST_MATH = YES;
				ONLY_ACTIVE_ARCH = YES;
				SDKROOT = iphoneos;
				SWIFT_ACTIVE_COMPILATION_CONDITIONS = DEBUG;
				SWIFT_OPTIMIZATION_LEVEL = "-Onone";
			};
			name = Debug;
		};
		DFC1672F28C27E5100757E8F /* Release */ = {
			isa = XCBuildConfiguration;
			buildSettings = {
				ALWAYS_SEARCH_USER_PATHS = NO;
				CLANG_ANALYZER_NONNULL = YES;
				CLANG_ANALYZER_NUMBER_OBJECT_CONVERSION = YES_AGGRESSIVE;
				CLANG_CXX_LANGUAGE_STANDARD = "gnu++20";
				CLANG_ENABLE_MODULES = YES;
				CLANG_ENABLE_OBJC_ARC = YES;
				CLANG_ENABLE_OBJC_WEAK = YES;
				CLANG_WARN_BLOCK_CAPTURE_AUTORELEASING = YES;
				CLANG_WARN_BOOL_CONVERSION = YES;
				CLANG_WARN_COMMA = YES;
				CLANG_WARN_CONSTANT_CONVERSION = YES;
				CLANG_WARN_DEPRECATED_OBJC_IMPLEMENTATIONS = YES;
				CLANG_WARN_DIRECT_OBJC_ISA_USAGE = YES_ERROR;
				CLANG_WARN_DOCUMENTATION_COMMENTS = YES;
				CLANG_WARN_EMPTY_BODY = YES;
				CLANG_WARN_ENUM_CONVERSION = YES;
				CLANG_WARN_INFINITE_RECURSION = YES;
				CLANG_WARN_INT_CONVERSION = YES;
				CLANG_WARN_NON_LITERAL_NULL_CONVERSION = YES;
				CLANG_WARN_OBJC_IMPLICIT_RETAIN_SELF = YES;
				CLANG_WARN_OBJC_LITERAL_CONVERSION = YES;
				CLANG_WARN_OBJC_ROOT_CLASS = YES_ERROR;
				CLANG_WARN_QUOTED_INCLUDE_IN_FRAMEWORK_HEADER = YES;
				CLANG_WARN_RANGE_LOOP_ANALYSIS = YES;
				CLANG_WARN_STRICT_PROTOTYPES = YES;
				CLANG_WARN_SUSPICIOUS_MOVE = YES;
				CLANG_WARN_UNGUARDED_AVAILABILITY = YES_AGGRESSIVE;
				CLANG_WARN_UNREACHABLE_CODE = YES;
				CLANG_WARN__DUPLICATE_METHOD_MATCH = YES;
				COPY_PHASE_STRIP = NO;
				DEBUG_INFORMATION_FORMAT = "dwarf-with-dsym";
				ENABLE_NS_ASSERTIONS = NO;
				ENABLE_STRICT_OBJC_MSGSEND = YES;
				GCC_C_LANGUAGE_STANDARD = gnu11;
				GCC_NO_COMMON_BLOCKS = YES;
				GCC_WARN_64_TO_32_BIT_CONVERSION = YES;
				GCC_WARN_ABOUT_RETURN_TYPE = YES_ERROR;
				GCC_WARN_UNDECLARED_SELECTOR = YES;
				GCC_WARN_UNINITIALIZED_AUTOS = YES_AGGRESSIVE;
				GCC_WARN_UNUSED_FUNCTION = YES;
				GCC_WARN_UNUSED_VARIABLE = YES;
				IPHONEOS_DEPLOYMENT_TARGET = 16.0;
				MTL_ENABLE_DEBUG_INFO = NO;
				MTL_FAST_MATH = YES;
				SDKROOT = iphoneos;
				SWIFT_COMPILATION_MODE = wholemodule;
				SWIFT_OPTIMIZATION_LEVEL = "-O";
				VALIDATE_PRODUCT = YES;
			};
			name = Release;
		};
		DFC1673128C27E5100757E8F /* Debug */ = {
			isa = XCBuildConfiguration;
			buildSettings = {
				ASSETCATALOG_COMPILER_APPICON_NAME = AppIcon;
				ASSETCATALOG_COMPILER_GLOBAL_ACCENT_COLOR_NAME = AccentColor;
				CODE_SIGN_STYLE = Automatic;
				CURRENT_PROJECT_VERSION = 1;
				DEVELOPMENT_ASSET_PATHS = "\"launchdarklyPractice/Preview Content\"";
				DEVELOPMENT_TEAM = 7LY5WDD8ES;
				ENABLE_PREVIEWS = YES;
				GENERATE_INFOPLIST_FILE = YES;
				INFOPLIST_KEY_UIApplicationSceneManifest_Generation = YES;
				INFOPLIST_KEY_UIApplicationSupportsIndirectInputEvents = YES;
				INFOPLIST_KEY_UILaunchScreen_Generation = YES;
				INFOPLIST_KEY_UISupportedInterfaceOrientations_iPad = "UIInterfaceOrientationPortrait UIInterfaceOrientationPortraitUpsideDown UIInterfaceOrientationLandscapeLeft UIInterfaceOrientationLandscapeRight";
				INFOPLIST_KEY_UISupportedInterfaceOrientations_iPhone = "UIInterfaceOrientationPortrait UIInterfaceOrientationLandscapeLeft UIInterfaceOrientationLandscapeRight";
				LD_RUNPATH_SEARCH_PATHS = (
					"$(inherited)",
					"@executable_path/Frameworks",
				);
				MARKETING_VERSION = 1.0;
				PRODUCT_BUNDLE_IDENTIFIER = ChanTheJanitor.launchdarklyPractice;
				PRODUCT_NAME = "$(TARGET_NAME)";
				SWIFT_EMIT_LOC_STRINGS = YES;
				SWIFT_VERSION = 5.0;
				TARGETED_DEVICE_FAMILY = "1,2";
			};
			name = Debug;
		};
		DFC1673228C27E5100757E8F /* Release */ = {
			isa = XCBuildConfiguration;
			buildSettings = {
				ASSETCATALOG_COMPILER_APPICON_NAME = AppIcon;
				ASSETCATALOG_COMPILER_GLOBAL_ACCENT_COLOR_NAME = AccentColor;
				CODE_SIGN_STYLE = Automatic;
				CURRENT_PROJECT_VERSION = 1;
				DEVELOPMENT_ASSET_PATHS = "\"launchdarklyPractice/Preview Content\"";
				DEVELOPMENT_TEAM = 7LY5WDD8ES;
				ENABLE_PREVIEWS = YES;
				GENERATE_INFOPLIST_FILE = YES;
				INFOPLIST_KEY_UIApplicationSceneManifest_Generation = YES;
				INFOPLIST_KEY_UIApplicationSupportsIndirectInputEvents = YES;
				INFOPLIST_KEY_UILaunchScreen_Generation = YES;
				INFOPLIST_KEY_UISupportedInterfaceOrientations_iPad = "UIInterfaceOrientationPortrait UIInterfaceOrientationPortraitUpsideDown UIInterfaceOrientationLandscapeLeft UIInterfaceOrientationLandscapeRight";
				INFOPLIST_KEY_UISupportedInterfaceOrientations_iPhone = "UIInterfaceOrientationPortrait UIInterfaceOrientationLandscapeLeft UIInterfaceOrientationLandscapeRight";
				LD_RUNPATH_SEARCH_PATHS = (
					"$(inherited)",
					"@executable_path/Frameworks",
				);
				MARKETING_VERSION = 1.0;
				PRODUCT_BUNDLE_IDENTIFIER = ChanTheJanitor.launchdarklyPractice;
				PRODUCT_NAME = "$(TARGET_NAME)";
				SWIFT_EMIT_LOC_STRINGS = YES;
				SWIFT_VERSION = 5.0;
				TARGETED_DEVICE_FAMILY = "1,2";
			};
			name = Release;
		};
/* End XCBuildConfiguration section */

/* Begin XCConfigurationList section */
		DFC1671D28C27E5000757E8F /* Build configuration list for PBXProject "launchdarklyPractice" */ = {
			isa = XCConfigurationList;
			buildConfigurations = (
				DFC1672E28C27E5100757E8F /* Debug */,
				DFC1672F28C27E5100757E8F /* Release */,
			);
			defaultConfigurationIsVisible = 0;
			defaultConfigurationName = Release;
		};
		DFC1673028C27E5100757E8F /* Build configuration list for PBXNativeTarget "launchdarklyPractice" */ = {
			isa = XCConfigurationList;
			buildConfigurations = (
				DFC1673128C27E5100757E8F /* Debug */,
				DFC1673228C27E5100757E8F /* Release */,
			);
			defaultConfigurationIsVisible = 0;
			defaultConfigurationName = Release;
		};
/* End XCConfigurationList section */

/* Begin XCRemoteSwiftPackageReference section */
		DF04273D28C27F7000CC9F96 /* XCRemoteSwiftPackageReference "ios-client-sdk" */ = {
			isa = XCRemoteSwiftPackageReference;
			repositoryURL = "https://github.com/launchdarkly/ios-client-sdk";
			requirement = {
				kind = upToNextMajorVersion;
				minimumVersion = 6.0.0;
			};
		};
/* End XCRemoteSwiftPackageReference section */

/* Begin XCSwiftPackageProductDependency section */
		DF04273E28C27F7000CC9F96 /* LaunchDarkly */ = {
			isa = XCSwiftPackageProductDependency;
			package = DF04273D28C27F7000CC9F96 /* XCRemoteSwiftPackageReference "ios-client-sdk" */;
			productName = LaunchDarkly;
		};
/* End XCSwiftPackageProductDependency section */
	};
	rootObject = DFC1671A28C27E5000757E8F /* Project object */;
}
